
Microsoft Visual Studio Solution File, Format Version 12.00
# Visual Studio Version 17
VisualStudioVersion = 17.5.33627.172
MinimumVisualStudioVersion = 10.0.40219.1
Project("{FAE04EC0-301F-11D3-BF4B-00C04F79EFBC}") = "ProyectoSiesaArbol", "ProyectoSiesaArbol.csproj", "{437BE7E6-DDD4-4776-A123-697EF8D3395D}"
EndProject
Global
	GlobalSection(SolutionConfigurationPlatforms) = preSolution
		Debug|Any CPU = Debug|Any CPU
		Release|Any CPU = Release|Any CPU
	EndGlobalSection
	GlobalSection(ProjectConfigurationPlatforms) = postSolution
		{437BE7E6-DDD4-4776-A123-697EF8D3395D}.Debug|Any CPU.ActiveCfg = Debug|Any CPU
		{437BE7E6-DDD4-4776-A123-697EF8D3395D}.Debug|Any CPU.Build.0 = Debug|Any CPU
		{437BE7E6-DDD4-4776-A123-697EF8D3395D}.Release|Any CPU.ActiveCfg = Release|Any CPU
		{437BE7E6-DDD4-4776-A123-697EF8D3395D}.Release|Any CPU.Build.0 = Release|Any CPU
	EndGlobalSection
	GlobalSection(SolutionProperties) = preSolution
		HideSolutionNode = FALSE
	EndGlobalSection
	GlobalSection(ExtensibilityGlobals) = postSolution
		SolutionGuid = {26716ED6-F266-435A-AA47-9B2EF632F185}
	EndGlobalSection
EndGlobal
